
Microsoft Visual Studio Solution File, Format Version 12.00
# Visual Studio 15
VisualStudioVersion = 15.0.26430.16
MinimumVisualStudioVersion = 10.0.40219.1
Project("{9A19103F-16F7-4668-BE54-9A1E7A4F7556}") = "TelegramBotAPIClient", "TelegramBotAPIClient\TelegramBotAPIClient.csproj", "{7B546984-8C4E-4D34-8B31-9235148DA5B9}"
EndProject
Project("{9A19103F-16F7-4668-BE54-9A1E7A4F7556}") = "TelegramBotApiCMD", "TelegramBotApiCMD\TelegramBotApiCMD.csproj", "{753FF498-BAE1-4758-A9F8-BAD517A6BAAD}"
EndProject
Project("{9A19103F-16F7-4668-BE54-9A1E7A4F7556}") = "TelegramBotApiClient.Tests", "TelegramBotApiClient.Tests\TelegramBotApiClient.Tests.csproj", "{0245AED0-B2D8-4178-89D3-7AA80AE60735}"
EndProject
Project("{9A19103F-16F7-4668-BE54-9A1E7A4F7556}") = "ExampleMVCWebhookApplication", "ExampleMVCWebhookApplication\ExampleMVCWebhookApplication.csproj", "{60C6160E-214A-47D2-9EF9-38F70E1ED22A}"
EndProject
Global
	GlobalSection(SolutionConfigurationPlatforms) = preSolution
		Debug|Any CPU = Debug|Any CPU
		Release|Any CPU = Release|Any CPU
	EndGlobalSection
	GlobalSection(ProjectConfigurationPlatforms) = postSolution
		{7B546984-8C4E-4D34-8B31-9235148DA5B9}.Debug|Any CPU.ActiveCfg = Debug|Any CPU
		{7B546984-8C4E-4D34-8B31-9235148DA5B9}.Debug|Any CPU.Build.0 = Debug|Any CPU
		{7B546984-8C4E-4D34-8B31-9235148DA5B9}.Release|Any CPU.ActiveCfg = Release|Any CPU
		{7B546984-8C4E-4D34-8B31-9235148DA5B9}.Release|Any CPU.Build.0 = Release|Any CPU
		{753FF498-BAE1-4758-A9F8-BAD517A6BAAD}.Debug|Any CPU.ActiveCfg = Debug|Any CPU
		{753FF498-BAE1-4758-A9F8-BAD517A6BAAD}.Debug|Any CPU.Build.0 = Debug|Any CPU
		{753FF498-BAE1-4758-A9F8-BAD517A6BAAD}.Release|Any CPU.ActiveCfg = Release|Any CPU
		{753FF498-BAE1-4758-A9F8-BAD517A6BAAD}.Release|Any CPU.Build.0 = Release|Any CPU
		{0245AED0-B2D8-4178-89D3-7AA80AE60735}.Debug|Any CPU.ActiveCfg = Debug|Any CPU
		{0245AED0-B2D8-4178-89D3-7AA80AE60735}.Debug|Any CPU.Build.0 = Debug|Any CPU
		{0245AED0-B2D8-4178-89D3-7AA80AE60735}.Release|Any CPU.ActiveCfg = Release|Any CPU
		{0245AED0-B2D8-4178-89D3-7AA80AE60735}.Release|Any CPU.Build.0 = Release|Any CPU
		{60C6160E-214A-47D2-9EF9-38F70E1ED22A}.Debug|Any CPU.ActiveCfg = Debug|Any CPU
		{60C6160E-214A-47D2-9EF9-38F70E1ED22A}.Debug|Any CPU.Build.0 = Debug|Any CPU
		{60C6160E-214A-47D2-9EF9-38F70E1ED22A}.Release|Any CPU.ActiveCfg = Release|Any CPU
		{60C6160E-214A-47D2-9EF9-38F70E1ED22A}.Release|Any CPU.Build.0 = Release|Any CPU
	EndGlobalSection
	GlobalSection(SolutionProperties) = preSolution
		HideSolutionNode = FALSE
	EndGlobalSection
	GlobalSection(ExtensibilityGlobals) = postSolution
		SolutionGuid = {D772F7BB-3EC7-4D2D-B0FF-6C33CE890BE9}
	EndGlobalSection
EndGlobal
